<?xml version="1.0" encoding="utf-8"?>
<Project ToolsVersion="4.0" xmlns="http://schemas.microsoft.com/developer/msbuild/2003">
  <ItemGroup>
    <Filter Include="include">
      <UniqueIdentifier>{89AF369E-F58E-B539-FEA6-40106A051C9B}</UniqueIdentifier>
    </Filter>
    <Filter Include="include\Core">
      <UniqueIdentifier>{81F1C769-6D54-570E-16DA-8FC4021C2391}</UniqueIdentifier>
    </Filter>
    <Filter Include="include\Platform">
      <UniqueIdentifier>{FD7581F9-E96E-A04B-12A1-85D0FEF87F57}</UniqueIdentifier>
    </Filter>
    <Filter Include="include\Platform\OpenGL">
      <UniqueIdentifier>{91E01794-FD17-602B-0622-C44E72D88624}</UniqueIdentifier>
    </Filter>
    <Filter Include="src">
      <UniqueIdentifier>{2DAB880B-99B4-887C-2230-9F7C8E38947C}</UniqueIdentifier>
    </Filter>
    <Filter Include="src\Core">
      <UniqueIdentifier>{A5D31CCF-91A0-77DA-BAB9-6582A6E5AC68}</UniqueIdentifier>
    </Filter>
    <Filter Include="src\Platform">
      <UniqueIdentifier>{21CA02E5-0D2D-9289-B6B2-CA3FA2F45D0C}</UniqueIdentifier>
    </Filter>
    <Filter Include="src\Platform\OpenGL">
      <UniqueIdentifier>{35A49437-A105-7245-2A73-B8F796D3A804}</UniqueIdentifier>
    </Filter>
  </ItemGroup>
  <ItemGroup>
    <ClInclude Include="include\Core\Application.h">
      <Filter>include\Core</Filter>
    </ClInclude>
    <ClInclude Include="include\Core\EntryPoint.h">
      <Filter>include\Core</Filter>
    </ClInclude>
    <ClInclude Include="include\Platform\OpenGL\OpenGLDebugger.h">
      <Filter>include\Platform\OpenGL</Filter>
    </ClInclude>
    <ClInclude Include="include\Platform\OpenGL\OpenGLWindow.h">
      <Filter>include\Platform\OpenGL</Filter>
    </ClInclude>
    <ClInclude Include="include\Proton.h">
      <Filter>include</Filter>
    </ClInclude>
    <ClInclude Include="include\Window.h">
      <Filter>include</Filter>
    </ClInclude>
    <ClInclude Include="include\ppch.h">
      <Filter>include</Filter>
    </ClInclude>
    <ClInclude Include="include\Debugging\Log.h" />
    <ClInclude Include="include\Debugging\Assertion.h" />
    <ClInclude Include="include\Core\Events\Event.h" />
    <ClInclude Include="include\Core\Events\WindowEvents.h" />
    <ClInclude Include="include\Rendering\VertexBuffer\VertexBufferLayout.h" />
    <ClInclude Include="include\Rendering\VertexBuffer\VertexBufferLayoutElement.h" />
    <ClInclude Include="include\Rendering\VertexBuffer\VertexBuffer.h" />
    <ClInclude Include="include\Rendering\IndexBuffer\IndexBuffer.h" />
    <ClInclude Include="include\Rendering\VertexArray\VertexArray.h" />
    <ClInclude Include="Renderer.h" />
    <ClInclude Include="include\Rendering\VertexBuffer\VertexBufferLayoutElementType.h" />
    <ClInclude Include="include\PTypeDefiner.h" />
    <ClInclude Include="include\PCommon.h" />
  </ItemGroup>
  <ItemGroup>
    <ClCompile Include="src\Core\Application.cpp">
      <Filter>src\Core</Filter>
    </ClCompile>
    <ClCompile Include="src\Platform\OpenGL\OpenGLDebugger.cpp">
      <Filter>src\Platform\OpenGL</Filter>
    </ClCompile>
    <ClCompile Include="src\Platform\OpenGL\OpenGLWindow.cpp">
      <Filter>src\Platform\OpenGL</Filter>
    </ClCompile>
    <ClCompile Include="src\Window.cpp">
      <Filter>src</Filter>
    </ClCompile>
    <ClCompile Include="src\ppch.cpp">
      <Filter>src</Filter>
    </ClCompile>
    <ClCompile Include="src\Debugging\Log.cpp" />
    <ClCompile Include="src\Rendering\VertexBuffer\VertexBuffer.cpp" />
    <ClCompile Include="src\Rendering\IndexBuffer.cpp" />
    <ClCompile Include="src\Rendering\VertexArray.cpp" />
    <ClCompile Include="Renderer.cpp" />
    <ClCompile Include="src\Rendering\VertexBuffer\VertexBufferLayout.cpp" />
    <ClCompile Include="src\Rendering\VertexBuffer\VertexBufferLayoutElement.cpp" />
  </ItemGroup>
</Project>